
Microsoft Visual Studio Solution File, Format Version 12.00
# Visual Studio Version 17
VisualStudioVersion = 17.10.35122.118
MinimumVisualStudioVersion = 10.0.40219.1
Project("{FAE04EC0-301F-11D3-BF4B-00C04F79EFBC}") = "Mensageiro", "Mensageiro\Mensageiro.csproj", "{5525B468-0783-470F-98ED-89E81609714A}"
EndProject
Project("{FAE04EC0-301F-11D3-BF4B-00C04F79EFBC}") = "Mensageiro.Teste", "Mensageiro.Teste\Mensageiro.Teste.csproj", "{5650358D-478E-4089-BAA3-6FD6A2DF36D3}"
EndProject
Global
	GlobalSection(SolutionConfigurationPlatforms) = preSolution
		Debug|Any CPU = Debug|Any CPU
		Release|Any CPU = Release|Any CPU
	EndGlobalSection
	GlobalSection(ProjectConfigurationPlatforms) = postSolution
		{5525B468-0783-470F-98ED-89E81609714A}.Debug|Any CPU.ActiveCfg = Debug|Any CPU
		{5525B468-0783-470F-98ED-89E81609714A}.Debug|Any CPU.Build.0 = Debug|Any CPU
		{5525B468-0783-470F-98ED-89E81609714A}.Release|Any CPU.ActiveCfg = Release|Any CPU
		{5525B468-0783-470F-98ED-89E81609714A}.Release|Any CPU.Build.0 = Release|Any CPU
		{5650358D-478E-4089-BAA3-6FD6A2DF36D3}.Debug|Any CPU.ActiveCfg = Debug|Any CPU
		{5650358D-478E-4089-BAA3-6FD6A2DF36D3}.Debug|Any CPU.Build.0 = Debug|Any CPU
		{5650358D-478E-4089-BAA3-6FD6A2DF36D3}.Release|Any CPU.ActiveCfg = Release|Any CPU
		{5650358D-478E-4089-BAA3-6FD6A2DF36D3}.Release|Any CPU.Build.0 = Release|Any CPU
	EndGlobalSection
	GlobalSection(SolutionProperties) = preSolution
		HideSolutionNode = FALSE
	EndGlobalSection
	GlobalSection(ExtensibilityGlobals) = postSolution
		SolutionGuid = {0AF3C9C9-5CE7-4E37-8F06-4D50AACDB7B9}
	EndGlobalSection
EndGlobal
